
Microsoft Visual Studio Solution File, Format Version 12.00
Project("{FAE04EC0-301F-11D3-BF4B-00C04F79EFBC}") = "TemporaLinq", "TemporaLinq\TemporaLinq.csproj", "{897F76C2-CDFC-4D15-AAE8-1BE6656CD0FF}"
EndProject
Project("{FAE04EC0-301F-11D3-BF4B-00C04F79EFBC}") = "TemporaLinq.Test", "TemporaLinq.Test\TemporaLinq.Test.csproj", "{7067C6E2-621A-4EB2-839F-4FD545D3DC43}"
EndProject
Project("{FAE04EC0-301F-11D3-BF4B-00C04F79EFBC}") = "TemporaLinq.Holidays", "TemporaLinq.Holidays\TemporaLinq.Holidays.csproj", "{72D2BD40-95D5-4E4C-A8A4-DB6929F5A51F}"
EndProject
Project("{2150E333-8FDC-42A3-9474-1A3956D46DE8}") = "Docs", "Docs", "{8A4301B4-2E02-48D0-8026-2BCAD0FB3F9D}"
	ProjectSection(SolutionItems) = preProject
		IDEAS.md = IDEAS.md
	EndProjectSection
EndProject
Project("{FAE04EC0-301F-11D3-BF4B-00C04F79EFBC}") = "TemporaLinq.Astronomy", "TemporaLinq.Astronomy\TemporaLinq.Astronomy.csproj", "{C0063ECB-C798-41EC-8A17-DB641E3A2123}"
EndProject
Global
	GlobalSection(SolutionConfigurationPlatforms) = preSolution
		Debug|Any CPU = Debug|Any CPU
		Debug|x64 = Debug|x64
		Debug|x86 = Debug|x86
		Release|Any CPU = Release|Any CPU
		Release|x64 = Release|x64
		Release|x86 = Release|x86
	EndGlobalSection
	GlobalSection(ProjectConfigurationPlatforms) = postSolution
		{897F76C2-CDFC-4D15-AAE8-1BE6656CD0FF}.Debug|Any CPU.ActiveCfg = Debug|Any CPU
		{897F76C2-CDFC-4D15-AAE8-1BE6656CD0FF}.Debug|Any CPU.Build.0 = Debug|Any CPU
		{897F76C2-CDFC-4D15-AAE8-1BE6656CD0FF}.Debug|x64.ActiveCfg = Debug|Any CPU
		{897F76C2-CDFC-4D15-AAE8-1BE6656CD0FF}.Debug|x64.Build.0 = Debug|Any CPU
		{897F76C2-CDFC-4D15-AAE8-1BE6656CD0FF}.Debug|x86.ActiveCfg = Debug|Any CPU
		{897F76C2-CDFC-4D15-AAE8-1BE6656CD0FF}.Debug|x86.Build.0 = Debug|Any CPU
		{897F76C2-CDFC-4D15-AAE8-1BE6656CD0FF}.Release|Any CPU.ActiveCfg = Release|Any CPU
		{897F76C2-CDFC-4D15-AAE8-1BE6656CD0FF}.Release|Any CPU.Build.0 = Release|Any CPU
		{897F76C2-CDFC-4D15-AAE8-1BE6656CD0FF}.Release|x64.ActiveCfg = Release|Any CPU
		{897F76C2-CDFC-4D15-AAE8-1BE6656CD0FF}.Release|x64.Build.0 = Release|Any CPU
		{897F76C2-CDFC-4D15-AAE8-1BE6656CD0FF}.Release|x86.ActiveCfg = Release|Any CPU
		{897F76C2-CDFC-4D15-AAE8-1BE6656CD0FF}.Release|x86.Build.0 = Release|Any CPU
		{7067C6E2-621A-4EB2-839F-4FD545D3DC43}.Debug|Any CPU.ActiveCfg = Debug|Any CPU
		{7067C6E2-621A-4EB2-839F-4FD545D3DC43}.Debug|Any CPU.Build.0 = Debug|Any CPU
		{7067C6E2-621A-4EB2-839F-4FD545D3DC43}.Debug|x64.ActiveCfg = Debug|Any CPU
		{7067C6E2-621A-4EB2-839F-4FD545D3DC43}.Debug|x64.Build.0 = Debug|Any CPU
		{7067C6E2-621A-4EB2-839F-4FD545D3DC43}.Debug|x86.ActiveCfg = Debug|Any CPU
		{7067C6E2-621A-4EB2-839F-4FD545D3DC43}.Debug|x86.Build.0 = Debug|Any CPU
		{7067C6E2-621A-4EB2-839F-4FD545D3DC43}.Release|Any CPU.ActiveCfg = Release|Any CPU
		{7067C6E2-621A-4EB2-839F-4FD545D3DC43}.Release|Any CPU.Build.0 = Release|Any CPU
		{7067C6E2-621A-4EB2-839F-4FD545D3DC43}.Release|x64.ActiveCfg = Release|Any CPU
		{7067C6E2-621A-4EB2-839F-4FD545D3DC43}.Release|x64.Build.0 = Release|Any CPU
		{7067C6E2-621A-4EB2-839F-4FD545D3DC43}.Release|x86.ActiveCfg = Release|Any CPU
		{7067C6E2-621A-4EB2-839F-4FD545D3DC43}.Release|x86.Build.0 = Release|Any CPU
		{72D2BD40-95D5-4E4C-A8A4-DB6929F5A51F}.Debug|Any CPU.ActiveCfg = Debug|Any CPU
		{72D2BD40-95D5-4E4C-A8A4-DB6929F5A51F}.Debug|Any CPU.Build.0 = Debug|Any CPU
		{72D2BD40-95D5-4E4C-A8A4-DB6929F5A51F}.Debug|x64.ActiveCfg = Debug|Any CPU
		{72D2BD40-95D5-4E4C-A8A4-DB6929F5A51F}.Debug|x64.Build.0 = Debug|Any CPU
		{72D2BD40-95D5-4E4C-A8A4-DB6929F5A51F}.Debug|x86.ActiveCfg = Debug|Any CPU
		{72D2BD40-95D5-4E4C-A8A4-DB6929F5A51F}.Debug|x86.Build.0 = Debug|Any CPU
		{72D2BD40-95D5-4E4C-A8A4-DB6929F5A51F}.Release|Any CPU.ActiveCfg = Release|Any CPU
		{72D2BD40-95D5-4E4C-A8A4-DB6929F5A51F}.Release|Any CPU.Build.0 = Release|Any CPU
		{72D2BD40-95D5-4E4C-A8A4-DB6929F5A51F}.Release|x64.ActiveCfg = Release|Any CPU
		{72D2BD40-95D5-4E4C-A8A4-DB6929F5A51F}.Release|x64.Build.0 = Release|Any CPU
		{72D2BD40-95D5-4E4C-A8A4-DB6929F5A51F}.Release|x86.ActiveCfg = Release|Any CPU
		{72D2BD40-95D5-4E4C-A8A4-DB6929F5A51F}.Release|x86.Build.0 = Release|Any CPU
		{C0063ECB-C798-41EC-8A17-DB641E3A2123}.Debug|Any CPU.ActiveCfg = Debug|Any CPU
		{C0063ECB-C798-41EC-8A17-DB641E3A2123}.Debug|Any CPU.Build.0 = Debug|Any CPU
		{C0063ECB-C798-41EC-8A17-DB641E3A2123}.Debug|x64.ActiveCfg = Debug|Any CPU
		{C0063ECB-C798-41EC-8A17-DB641E3A2123}.Debug|x64.Build.0 = Debug|Any CPU
		{C0063ECB-C798-41EC-8A17-DB641E3A2123}.Debug|x86.ActiveCfg = Debug|Any CPU
		{C0063ECB-C798-41EC-8A17-DB641E3A2123}.Debug|x86.Build.0 = Debug|Any CPU
		{C0063ECB-C798-41EC-8A17-DB641E3A2123}.Release|Any CPU.ActiveCfg = Release|Any CPU
		{C0063ECB-C798-41EC-8A17-DB641E3A2123}.Release|Any CPU.Build.0 = Release|Any CPU
		{C0063ECB-C798-41EC-8A17-DB641E3A2123}.Release|x64.ActiveCfg = Release|Any CPU
		{C0063ECB-C798-41EC-8A17-DB641E3A2123}.Release|x64.Build.0 = Release|Any CPU
		{C0063ECB-C798-41EC-8A17-DB641E3A2123}.Release|x86.ActiveCfg = Release|Any CPU
		{C0063ECB-C798-41EC-8A17-DB641E3A2123}.Release|x86.Build.0 = Release|Any CPU
	EndGlobalSection
	GlobalSection(SolutionProperties) = preSolution
		HideSolutionNode = FALSE
	EndGlobalSection
EndGlobal
