
Microsoft Visual Studio Solution File, Format Version 12.00
Project("{FAE04EC0-301F-11D3-BF4B-00C04F79EFBC}") = "TemporaLinq", "TemporaLinq\TemporaLinq.csproj", "{897F76C2-CDFC-4D15-AAE8-1BE6656CD0FF}"
EndProject
Project("{FAE04EC0-301F-11D3-BF4B-00C04F79EFBC}") = "TemporaLinq.Test", "TemporaLinq.Test\TemporaLinq.Test.csproj", "{7067C6E2-621A-4EB2-839F-4FD545D3DC43}"
EndProject
Global
	GlobalSection(SolutionConfigurationPlatforms) = preSolution
		Debug|Any CPU = Debug|Any CPU
		Release|Any CPU = Release|Any CPU
	EndGlobalSection
	GlobalSection(ProjectConfigurationPlatforms) = postSolution
		{897F76C2-CDFC-4D15-AAE8-1BE6656CD0FF}.Debug|Any CPU.ActiveCfg = Debug|Any CPU
		{897F76C2-CDFC-4D15-AAE8-1BE6656CD0FF}.Debug|Any CPU.Build.0 = Debug|Any CPU
		{897F76C2-CDFC-4D15-AAE8-1BE6656CD0FF}.Release|Any CPU.ActiveCfg = Release|Any CPU
		{897F76C2-CDFC-4D15-AAE8-1BE6656CD0FF}.Release|Any CPU.Build.0 = Release|Any CPU
		{7067C6E2-621A-4EB2-839F-4FD545D3DC43}.Debug|Any CPU.ActiveCfg = Debug|Any CPU
		{7067C6E2-621A-4EB2-839F-4FD545D3DC43}.Debug|Any CPU.Build.0 = Debug|Any CPU
		{7067C6E2-621A-4EB2-839F-4FD545D3DC43}.Release|Any CPU.ActiveCfg = Release|Any CPU
		{7067C6E2-621A-4EB2-839F-4FD545D3DC43}.Release|Any CPU.Build.0 = Release|Any CPU
	EndGlobalSection
EndGlobal
